
Microsoft Visual Studio Solution File, Format Version 12.00
# Visual Studio 2015
Project("{FAE04EC0-301F-11D3-BF4B-00C04F79EFBC}") = "iArtillerist", "iArtillerist.csproj", "{62FACD0A-447E-5CF1-E892-5F1683B0BC3B}"
EndProject
Global
	GlobalSection(SolutionConfigurationPlatforms) = preSolution
		Debug|Any CPU = Debug|Any CPU
		Release|Any CPU = Release|Any CPU
	EndGlobalSection
	GlobalSection(ProjectConfigurationPlatforms) = postSolution
		{62FACD0A-447E-5CF1-E892-5F1683B0BC3B}.Debug|Any CPU.ActiveCfg = Debug|Any CPU
		{62FACD0A-447E-5CF1-E892-5F1683B0BC3B}.Debug|Any CPU.Build.0 = Debug|Any CPU
		{62FACD0A-447E-5CF1-E892-5F1683B0BC3B}.Release|Any CPU.ActiveCfg = Release|Any CPU
		{62FACD0A-447E-5CF1-E892-5F1683B0BC3B}.Release|Any CPU.Build.0 = Release|Any CPU
	EndGlobalSection
	GlobalSection(SolutionProperties) = preSolution
		HideSolutionNode = FALSE
	EndGlobalSection
EndGlobal
